
Microsoft Visual Studio Solution File, Format Version 12.00
# Visual Studio Version 16
VisualStudioVersion = 16.0.29020.237
MinimumVisualStudioVersion = 10.0.40219.1
Project("{9A19103F-16F7-4668-BE54-9A1E7A4F7556}") = "NFTMarketServer.Domain", "src\NFTMarketServer.Domain\NFTMarketServer.Domain.csproj", "{554AD327-6DBA-4F8F-96F8-81CE7A0C863F}"
EndProject
Project("{9A19103F-16F7-4668-BE54-9A1E7A4F7556}") = "NFTMarketServer.Application", "src\NFTMarketServer.Application\NFTMarketServer.Application.csproj", "{1A94A50E-06DC-43C1-80B5-B662820EC3EB}"
EndProject
Project("{2150E333-8FDC-42A3-9474-1A3956D46DE8}") = "src", "src", "{CA9AC87F-097E-4F15-8393-4BC07735A5B0}"
EndProject
Project("{2150E333-8FDC-42A3-9474-1A3956D46DE8}") = "test", "test", "{04DBDB01-70F4-4E06-B468-8F87850B22BE}"
EndProject
Project("{9A19103F-16F7-4668-BE54-9A1E7A4F7556}") = "NFTMarketServer.Application.Tests", "test\NFTMarketServer.Application.Tests\NFTMarketServer.Application.Tests.csproj", "{50B2631D-129C-47B3-A587-029CCD6099BC}"
EndProject
Project("{9A19103F-16F7-4668-BE54-9A1E7A4F7556}") = "NFTMarketServer.Domain.Shared", "src\NFTMarketServer.Domain.Shared\NFTMarketServer.Domain.Shared.csproj", "{42F719ED-8413-4895-B5B4-5AB56079BC66}"
EndProject
Project("{9A19103F-16F7-4668-BE54-9A1E7A4F7556}") = "NFTMarketServer.Application.Contracts", "src\NFTMarketServer.Application.Contracts\NFTMarketServer.Application.Contracts.csproj", "{520659C8-C734-4298-A3DA-B539DB9DFC0B}"
EndProject
Project("{9A19103F-16F7-4668-BE54-9A1E7A4F7556}") = "NFTMarketServer.HttpApi", "src\NFTMarketServer.HttpApi\NFTMarketServer.HttpApi.csproj", "{4164BDF7-F527-4E85-9CE6-E3C2D7426A27}"
EndProject
Project("{9A19103F-16F7-4668-BE54-9A1E7A4F7556}") = "NFTMarketServer.HttpApi.Client", "src\NFTMarketServer.HttpApi.Client\NFTMarketServer.HttpApi.Client.csproj", "{3B5A0094-670D-4BB1-BFDD-61B88A8773DC}"
EndProject
Project("{9A19103F-16F7-4668-BE54-9A1E7A4F7556}") = "NFTMarketServer.HttpApi.Host", "src\NFTMarketServer.HttpApi.Host\NFTMarketServer.HttpApi.Host.csproj", "{E6D5BF0E-DE92-4D82-A352-EF04B37CB11C}"
EndProject
Project("{9A19103F-16F7-4668-BE54-9A1E7A4F7556}") = "NFTMarketServer.TestBase", "test\NFTMarketServer.TestBase\NFTMarketServer.TestBase.csproj", "{91853F21-9CD9-4132-BC29-A7D5D84FFFE7}"
EndProject
Project("{9A19103F-16F7-4668-BE54-9A1E7A4F7556}") = "NFTMarketServer.HttpApi.Client.ConsoleTestApp", "test\NFTMarketServer.HttpApi.Client.ConsoleTestApp\NFTMarketServer.HttpApi.Client.ConsoleTestApp.csproj", "{EF480016-9127-4916-8735-D2466BDBC582}"
EndProject
Project("{9A19103F-16F7-4668-BE54-9A1E7A4F7556}") = "NFTMarketServer.DbMigrator", "src\NFTMarketServer.DbMigrator\NFTMarketServer.DbMigrator.csproj", "{AA94D832-1CCC-4715-95A9-A483F23A1A5D}"
EndProject
Project("{FAE04EC0-301F-11D3-BF4B-00C04F79EFBC}") = "NFTMarketServer.CoinGeckoApi", "src\NFTMarketServer.CoinGeckoApi\NFTMarketServer.CoinGeckoApi.csproj", "{4ECB7CC7-FC21-40C7-B60F-2206F06F873F}"
EndProject
Project("{FAE04EC0-301F-11D3-BF4B-00C04F79EFBC}") = "NFTMarketServer.ContractEventHandler", "src\NFTMarketServer.ContractEventHandler\NFTMarketServer.ContractEventHandler.csproj", "{C3426A45-7417-404E-B3C1-7D069DB07837}"
EndProject
Project("{FAE04EC0-301F-11D3-BF4B-00C04F79EFBC}") = "NFTMarketServer.ContractEventHandler.Core", "src\NFTMarketServer.ContractEventHandler.Core\NFTMarketServer.ContractEventHandler.Core.csproj", "{0E5DBED6-7409-44B4-802B-A8F8AD96C0FF}"
EndProject
Project("{FAE04EC0-301F-11D3-BF4B-00C04F79EFBC}") = "NFTMarketServer.Grains", "src\NFTMarketServer.Grains\NFTMarketServer.Grains.csproj", "{24DB321F-F48A-4D44-A277-D71F47167CB6}"
EndProject
Project("{FAE04EC0-301F-11D3-BF4B-00C04F79EFBC}") = "NFTMarketServer.Silo", "src\NFTMarketServer.Silo\NFTMarketServer.Silo.csproj", "{5A3AA4BC-A3C3-458D-B39F-2BBB6288A65D}"
EndProject
Project("{FAE04EC0-301F-11D3-BF4B-00C04F79EFBC}") = "NFTMarketServer.MongoDB", "src\NFTMarketServer.MongoDB\NFTMarketServer.MongoDB.csproj", "{5CB1CD28-040C-48BB-B406-D372058C5DF8}"
EndProject
Project("{FAE04EC0-301F-11D3-BF4B-00C04F79EFBC}") = "NFTMarketServer.EntityEventHandler.Core", "src\NFTMarketServer.EntityEventHandler.Core\NFTMarketServer.EntityEventHandler.Core.csproj", "{6894EEF0-483E-4917-9849-CAF67D9A2955}"
EndProject
Project("{FAE04EC0-301F-11D3-BF4B-00C04F79EFBC}") = "NFTMarketServer.AuthServer", "src\NFTMarketServer.AuthServer\NFTMarketServer.AuthServer.csproj", "{5904A732-2920-4779-ACD0-616F5D28EAEA}"
EndProject
Project("{FAE04EC0-301F-11D3-BF4B-00C04F79EFBC}") = "NFTMarketServer.Orleans.TestBase", "test\NFTMarketServer.Orleans.TestBase\NFTMarketServer.Orleans.TestBase.csproj", "{4FF99910-6723-4043-9B56-596A4B29077A}"
EndProject
Project("{FAE04EC0-301F-11D3-BF4B-00C04F79EFBC}") = "NFTMarketServer.Domain.Tests", "test\NFTMarketServer.Domain.Tests\NFTMarketServer.Domain.Tests.csproj", "{17A60710-E69F-4EEF-8F31-BCBA99ECDCAD}"
EndProject
Project("{FAE04EC0-301F-11D3-BF4B-00C04F79EFBC}") = "NFTMarketServer.Worker", "src\NFTMarketServer.Worker\NFTMarketServer.Worker.csproj", "{5B66F930-FA42-4367-8D10-DB393D6FF7DD}"
EndProject
Project("{FAE04EC0-301F-11D3-BF4B-00C04F79EFBC}") = "NFTMarketServer.EntityEventHandler", "src\NFTMarketServer.EntityEventHandler\NFTMarketServer.EntityEventHandler.csproj", "{770362A6-5BFF-4196-8249-4AB3BB40C5BF}"
EndProject
Project("{FAE04EC0-301F-11D3-BF4B-00C04F79EFBC}") = "NFTMarketServer.Dealer", "src\NFTMarketServer.Dealer\NFTMarketServer.Dealer.csproj", "{DF82B3DD-2D71-4967-B5A8-B28119426213}"
EndProject
Global
	GlobalSection(SolutionConfigurationPlatforms) = preSolution
		Debug|Any CPU = Debug|Any CPU
		Release|Any CPU = Release|Any CPU
	EndGlobalSection
	GlobalSection(ProjectConfigurationPlatforms) = postSolution
		{554AD327-6DBA-4F8F-96F8-81CE7A0C863F}.Debug|Any CPU.ActiveCfg = Debug|Any CPU
		{554AD327-6DBA-4F8F-96F8-81CE7A0C863F}.Debug|Any CPU.Build.0 = Debug|Any CPU
		{554AD327-6DBA-4F8F-96F8-81CE7A0C863F}.Release|Any CPU.ActiveCfg = Release|Any CPU
		{554AD327-6DBA-4F8F-96F8-81CE7A0C863F}.Release|Any CPU.Build.0 = Release|Any CPU
		{1A94A50E-06DC-43C1-80B5-B662820EC3EB}.Debug|Any CPU.ActiveCfg = Debug|Any CPU
		{1A94A50E-06DC-43C1-80B5-B662820EC3EB}.Debug|Any CPU.Build.0 = Debug|Any CPU
		{1A94A50E-06DC-43C1-80B5-B662820EC3EB}.Release|Any CPU.ActiveCfg = Release|Any CPU
		{1A94A50E-06DC-43C1-80B5-B662820EC3EB}.Release|Any CPU.Build.0 = Release|Any CPU
		{50B2631D-129C-47B3-A587-029CCD6099BC}.Debug|Any CPU.ActiveCfg = Debug|Any CPU
		{50B2631D-129C-47B3-A587-029CCD6099BC}.Debug|Any CPU.Build.0 = Debug|Any CPU
		{50B2631D-129C-47B3-A587-029CCD6099BC}.Release|Any CPU.ActiveCfg = Release|Any CPU
		{50B2631D-129C-47B3-A587-029CCD6099BC}.Release|Any CPU.Build.0 = Release|Any CPU
		{42F719ED-8413-4895-B5B4-5AB56079BC66}.Debug|Any CPU.ActiveCfg = Debug|Any CPU
		{42F719ED-8413-4895-B5B4-5AB56079BC66}.Debug|Any CPU.Build.0 = Debug|Any CPU
		{42F719ED-8413-4895-B5B4-5AB56079BC66}.Release|Any CPU.ActiveCfg = Release|Any CPU
		{42F719ED-8413-4895-B5B4-5AB56079BC66}.Release|Any CPU.Build.0 = Release|Any CPU
		{520659C8-C734-4298-A3DA-B539DB9DFC0B}.Debug|Any CPU.ActiveCfg = Debug|Any CPU
		{520659C8-C734-4298-A3DA-B539DB9DFC0B}.Debug|Any CPU.Build.0 = Debug|Any CPU
		{520659C8-C734-4298-A3DA-B539DB9DFC0B}.Release|Any CPU.ActiveCfg = Release|Any CPU
		{520659C8-C734-4298-A3DA-B539DB9DFC0B}.Release|Any CPU.Build.0 = Release|Any CPU
		{4164BDF7-F527-4E85-9CE6-E3C2D7426A27}.Debug|Any CPU.ActiveCfg = Debug|Any CPU
		{4164BDF7-F527-4E85-9CE6-E3C2D7426A27}.Debug|Any CPU.Build.0 = Debug|Any CPU
		{4164BDF7-F527-4E85-9CE6-E3C2D7426A27}.Release|Any CPU.ActiveCfg = Release|Any CPU
		{4164BDF7-F527-4E85-9CE6-E3C2D7426A27}.Release|Any CPU.Build.0 = Release|Any CPU
		{3B5A0094-670D-4BB1-BFDD-61B88A8773DC}.Debug|Any CPU.ActiveCfg = Debug|Any CPU
		{3B5A0094-670D-4BB1-BFDD-61B88A8773DC}.Debug|Any CPU.Build.0 = Debug|Any CPU
		{3B5A0094-670D-4BB1-BFDD-61B88A8773DC}.Release|Any CPU.ActiveCfg = Release|Any CPU
		{3B5A0094-670D-4BB1-BFDD-61B88A8773DC}.Release|Any CPU.Build.0 = Release|Any CPU
		{E6D5BF0E-DE92-4D82-A352-EF04B37CB11C}.Debug|Any CPU.ActiveCfg = Debug|Any CPU
		{E6D5BF0E-DE92-4D82-A352-EF04B37CB11C}.Debug|Any CPU.Build.0 = Debug|Any CPU
		{E6D5BF0E-DE92-4D82-A352-EF04B37CB11C}.Release|Any CPU.ActiveCfg = Release|Any CPU
		{E6D5BF0E-DE92-4D82-A352-EF04B37CB11C}.Release|Any CPU.Build.0 = Release|Any CPU
		{91853F21-9CD9-4132-BC29-A7D5D84FFFE7}.Debug|Any CPU.ActiveCfg = Debug|Any CPU
		{91853F21-9CD9-4132-BC29-A7D5D84FFFE7}.Debug|Any CPU.Build.0 = Debug|Any CPU
		{91853F21-9CD9-4132-BC29-A7D5D84FFFE7}.Release|Any CPU.ActiveCfg = Release|Any CPU
		{91853F21-9CD9-4132-BC29-A7D5D84FFFE7}.Release|Any CPU.Build.0 = Release|Any CPU
		{EF480016-9127-4916-8735-D2466BDBC582}.Debug|Any CPU.ActiveCfg = Debug|Any CPU
		{EF480016-9127-4916-8735-D2466BDBC582}.Debug|Any CPU.Build.0 = Debug|Any CPU
		{EF480016-9127-4916-8735-D2466BDBC582}.Release|Any CPU.ActiveCfg = Release|Any CPU
		{EF480016-9127-4916-8735-D2466BDBC582}.Release|Any CPU.Build.0 = Release|Any CPU
		{AA94D832-1CCC-4715-95A9-A483F23A1A5D}.Debug|Any CPU.ActiveCfg = Debug|Any CPU
		{AA94D832-1CCC-4715-95A9-A483F23A1A5D}.Debug|Any CPU.Build.0 = Debug|Any CPU
		{AA94D832-1CCC-4715-95A9-A483F23A1A5D}.Release|Any CPU.ActiveCfg = Release|Any CPU
		{AA94D832-1CCC-4715-95A9-A483F23A1A5D}.Release|Any CPU.Build.0 = Release|Any CPU
		{4ECB7CC7-FC21-40C7-B60F-2206F06F873F}.Debug|Any CPU.ActiveCfg = Debug|Any CPU
		{4ECB7CC7-FC21-40C7-B60F-2206F06F873F}.Debug|Any CPU.Build.0 = Debug|Any CPU
		{4ECB7CC7-FC21-40C7-B60F-2206F06F873F}.Release|Any CPU.ActiveCfg = Release|Any CPU
		{4ECB7CC7-FC21-40C7-B60F-2206F06F873F}.Release|Any CPU.Build.0 = Release|Any CPU
		{C3426A45-7417-404E-B3C1-7D069DB07837}.Debug|Any CPU.ActiveCfg = Debug|Any CPU
		{C3426A45-7417-404E-B3C1-7D069DB07837}.Debug|Any CPU.Build.0 = Debug|Any CPU
		{C3426A45-7417-404E-B3C1-7D069DB07837}.Release|Any CPU.ActiveCfg = Release|Any CPU
		{C3426A45-7417-404E-B3C1-7D069DB07837}.Release|Any CPU.Build.0 = Release|Any CPU
		{0E5DBED6-7409-44B4-802B-A8F8AD96C0FF}.Debug|Any CPU.ActiveCfg = Debug|Any CPU
		{0E5DBED6-7409-44B4-802B-A8F8AD96C0FF}.Debug|Any CPU.Build.0 = Debug|Any CPU
		{0E5DBED6-7409-44B4-802B-A8F8AD96C0FF}.Release|Any CPU.ActiveCfg = Release|Any CPU
		{0E5DBED6-7409-44B4-802B-A8F8AD96C0FF}.Release|Any CPU.Build.0 = Release|Any CPU
		{24DB321F-F48A-4D44-A277-D71F47167CB6}.Debug|Any CPU.ActiveCfg = Debug|Any CPU
		{24DB321F-F48A-4D44-A277-D71F47167CB6}.Debug|Any CPU.Build.0 = Debug|Any CPU
		{24DB321F-F48A-4D44-A277-D71F47167CB6}.Release|Any CPU.ActiveCfg = Release|Any CPU
		{24DB321F-F48A-4D44-A277-D71F47167CB6}.Release|Any CPU.Build.0 = Release|Any CPU
		{5A3AA4BC-A3C3-458D-B39F-2BBB6288A65D}.Debug|Any CPU.ActiveCfg = Debug|Any CPU
		{5A3AA4BC-A3C3-458D-B39F-2BBB6288A65D}.Debug|Any CPU.Build.0 = Debug|Any CPU
		{5A3AA4BC-A3C3-458D-B39F-2BBB6288A65D}.Release|Any CPU.ActiveCfg = Release|Any CPU
		{5A3AA4BC-A3C3-458D-B39F-2BBB6288A65D}.Release|Any CPU.Build.0 = Release|Any CPU
		{5CB1CD28-040C-48BB-B406-D372058C5DF8}.Debug|Any CPU.ActiveCfg = Debug|Any CPU
		{5CB1CD28-040C-48BB-B406-D372058C5DF8}.Debug|Any CPU.Build.0 = Debug|Any CPU
		{5CB1CD28-040C-48BB-B406-D372058C5DF8}.Release|Any CPU.ActiveCfg = Release|Any CPU
		{5CB1CD28-040C-48BB-B406-D372058C5DF8}.Release|Any CPU.Build.0 = Release|Any CPU
		{6894EEF0-483E-4917-9849-CAF67D9A2955}.Debug|Any CPU.ActiveCfg = Debug|Any CPU
		{6894EEF0-483E-4917-9849-CAF67D9A2955}.Debug|Any CPU.Build.0 = Debug|Any CPU
		{6894EEF0-483E-4917-9849-CAF67D9A2955}.Release|Any CPU.ActiveCfg = Release|Any CPU
		{6894EEF0-483E-4917-9849-CAF67D9A2955}.Release|Any CPU.Build.0 = Release|Any CPU
		{5904A732-2920-4779-ACD0-616F5D28EAEA}.Debug|Any CPU.ActiveCfg = Debug|Any CPU
		{5904A732-2920-4779-ACD0-616F5D28EAEA}.Debug|Any CPU.Build.0 = Debug|Any CPU
		{5904A732-2920-4779-ACD0-616F5D28EAEA}.Release|Any CPU.ActiveCfg = Release|Any CPU
		{5904A732-2920-4779-ACD0-616F5D28EAEA}.Release|Any CPU.Build.0 = Release|Any CPU
		{4FF99910-6723-4043-9B56-596A4B29077A}.Debug|Any CPU.ActiveCfg = Debug|Any CPU
		{4FF99910-6723-4043-9B56-596A4B29077A}.Debug|Any CPU.Build.0 = Debug|Any CPU
		{4FF99910-6723-4043-9B56-596A4B29077A}.Release|Any CPU.ActiveCfg = Release|Any CPU
		{4FF99910-6723-4043-9B56-596A4B29077A}.Release|Any CPU.Build.0 = Release|Any CPU
		{17A60710-E69F-4EEF-8F31-BCBA99ECDCAD}.Debug|Any CPU.ActiveCfg = Debug|Any CPU
		{17A60710-E69F-4EEF-8F31-BCBA99ECDCAD}.Debug|Any CPU.Build.0 = Debug|Any CPU
		{17A60710-E69F-4EEF-8F31-BCBA99ECDCAD}.Release|Any CPU.ActiveCfg = Release|Any CPU
		{17A60710-E69F-4EEF-8F31-BCBA99ECDCAD}.Release|Any CPU.Build.0 = Release|Any CPU
		{5B66F930-FA42-4367-8D10-DB393D6FF7DD}.Debug|Any CPU.ActiveCfg = Debug|Any CPU
		{5B66F930-FA42-4367-8D10-DB393D6FF7DD}.Debug|Any CPU.Build.0 = Debug|Any CPU
		{5B66F930-FA42-4367-8D10-DB393D6FF7DD}.Release|Any CPU.ActiveCfg = Release|Any CPU
		{5B66F930-FA42-4367-8D10-DB393D6FF7DD}.Release|Any CPU.Build.0 = Release|Any CPU
		{770362A6-5BFF-4196-8249-4AB3BB40C5BF}.Debug|Any CPU.ActiveCfg = Debug|Any CPU
		{770362A6-5BFF-4196-8249-4AB3BB40C5BF}.Debug|Any CPU.Build.0 = Debug|Any CPU
		{770362A6-5BFF-4196-8249-4AB3BB40C5BF}.Release|Any CPU.ActiveCfg = Release|Any CPU
		{770362A6-5BFF-4196-8249-4AB3BB40C5BF}.Release|Any CPU.Build.0 = Release|Any CPU
		{DF82B3DD-2D71-4967-B5A8-B28119426213}.Debug|Any CPU.ActiveCfg = Debug|Any CPU
		{DF82B3DD-2D71-4967-B5A8-B28119426213}.Debug|Any CPU.Build.0 = Debug|Any CPU
		{DF82B3DD-2D71-4967-B5A8-B28119426213}.Release|Any CPU.ActiveCfg = Release|Any CPU
		{DF82B3DD-2D71-4967-B5A8-B28119426213}.Release|Any CPU.Build.0 = Release|Any CPU
	EndGlobalSection
	GlobalSection(SolutionProperties) = preSolution
		HideSolutionNode = FALSE
	EndGlobalSection
	GlobalSection(NestedProjects) = preSolution
		{554AD327-6DBA-4F8F-96F8-81CE7A0C863F} = {CA9AC87F-097E-4F15-8393-4BC07735A5B0}
		{1A94A50E-06DC-43C1-80B5-B662820EC3EB} = {CA9AC87F-097E-4F15-8393-4BC07735A5B0}
		{50B2631D-129C-47B3-A587-029CCD6099BC} = {04DBDB01-70F4-4E06-B468-8F87850B22BE}
		{42F719ED-8413-4895-B5B4-5AB56079BC66} = {CA9AC87F-097E-4F15-8393-4BC07735A5B0}
		{520659C8-C734-4298-A3DA-B539DB9DFC0B} = {CA9AC87F-097E-4F15-8393-4BC07735A5B0}
		{4164BDF7-F527-4E85-9CE6-E3C2D7426A27} = {CA9AC87F-097E-4F15-8393-4BC07735A5B0}
		{3B5A0094-670D-4BB1-BFDD-61B88A8773DC} = {CA9AC87F-097E-4F15-8393-4BC07735A5B0}
		{E6D5BF0E-DE92-4D82-A352-EF04B37CB11C} = {CA9AC87F-097E-4F15-8393-4BC07735A5B0}
		{EF480016-9127-4916-8735-D2466BDBC582} = {04DBDB01-70F4-4E06-B468-8F87850B22BE}
		{AA94D832-1CCC-4715-95A9-A483F23A1A5D} = {CA9AC87F-097E-4F15-8393-4BC07735A5B0}
		{4ECB7CC7-FC21-40C7-B60F-2206F06F873F} = {CA9AC87F-097E-4F15-8393-4BC07735A5B0}
		{C3426A45-7417-404E-B3C1-7D069DB07837} = {CA9AC87F-097E-4F15-8393-4BC07735A5B0}
		{0E5DBED6-7409-44B4-802B-A8F8AD96C0FF} = {CA9AC87F-097E-4F15-8393-4BC07735A5B0}
		{24DB321F-F48A-4D44-A277-D71F47167CB6} = {CA9AC87F-097E-4F15-8393-4BC07735A5B0}
		{5A3AA4BC-A3C3-458D-B39F-2BBB6288A65D} = {CA9AC87F-097E-4F15-8393-4BC07735A5B0}
		{5CB1CD28-040C-48BB-B406-D372058C5DF8} = {CA9AC87F-097E-4F15-8393-4BC07735A5B0}
		{6894EEF0-483E-4917-9849-CAF67D9A2955} = {CA9AC87F-097E-4F15-8393-4BC07735A5B0}
		{5904A732-2920-4779-ACD0-616F5D28EAEA} = {CA9AC87F-097E-4F15-8393-4BC07735A5B0}
		{4FF99910-6723-4043-9B56-596A4B29077A} = {04DBDB01-70F4-4E06-B468-8F87850B22BE}
		{17A60710-E69F-4EEF-8F31-BCBA99ECDCAD} = {04DBDB01-70F4-4E06-B468-8F87850B22BE}
		{5B66F930-FA42-4367-8D10-DB393D6FF7DD} = {CA9AC87F-097E-4F15-8393-4BC07735A5B0}
		{770362A6-5BFF-4196-8249-4AB3BB40C5BF} = {CA9AC87F-097E-4F15-8393-4BC07735A5B0}
		{91853F21-9CD9-4132-BC29-A7D5D84FFFE7} = {04DBDB01-70F4-4E06-B468-8F87850B22BE}
		{DF82B3DD-2D71-4967-B5A8-B28119426213} = {CA9AC87F-097E-4F15-8393-4BC07735A5B0}
	EndGlobalSection
	GlobalSection(ExtensibilityGlobals) = postSolution
		SolutionGuid = {CEE3C39A-783F-1B47-FB80-1689489A7197}
	EndGlobalSection
EndGlobal
